
Microsoft Visual Studio Solution File, Format Version 12.00
# Visual Studio Version 17
VisualStudioVersion = 17.10.35013.160
MinimumVisualStudioVersion = 10.0.40219.1
Project("{FAE04EC0-301F-11D3-BF4B-00C04F79EFBC}") = "Lodgestone.Server", "Lodgestone.Server\Lodgestone.Server.csproj", "{FAC8EA0B-2622-4C91-9F69-F76D34447266}"
EndProject
Project("{54A90642-561A-4BB1-A94E-469ADEE60C69}") = "lodgestone.client", "lodgestone.client\lodgestone.client.esproj", "{3695D699-6C1F-4256-8B68-123E57ED8FC4}"
EndProject
Global
	GlobalSection(SolutionConfigurationPlatforms) = preSolution
		Debug|Any CPU = Debug|Any CPU
		Release|Any CPU = Release|Any CPU
	EndGlobalSection
	GlobalSection(ProjectConfigurationPlatforms) = postSolution
		{FAC8EA0B-2622-4C91-9F69-F76D34447266}.Debug|Any CPU.ActiveCfg = Debug|Any CPU
		{FAC8EA0B-2622-4C91-9F69-F76D34447266}.Debug|Any CPU.Build.0 = Debug|Any CPU
		{FAC8EA0B-2622-4C91-9F69-F76D34447266}.Release|Any CPU.ActiveCfg = Release|Any CPU
		{FAC8EA0B-2622-4C91-9F69-F76D34447266}.Release|Any CPU.Build.0 = Release|Any CPU
		{3695D699-6C1F-4256-8B68-123E57ED8FC4}.Debug|Any CPU.ActiveCfg = Debug|Any CPU
		{3695D699-6C1F-4256-8B68-123E57ED8FC4}.Debug|Any CPU.Build.0 = Debug|Any CPU
		{3695D699-6C1F-4256-8B68-123E57ED8FC4}.Debug|Any CPU.Deploy.0 = Debug|Any CPU
		{3695D699-6C1F-4256-8B68-123E57ED8FC4}.Release|Any CPU.ActiveCfg = Release|Any CPU
		{3695D699-6C1F-4256-8B68-123E57ED8FC4}.Release|Any CPU.Build.0 = Release|Any CPU
		{3695D699-6C1F-4256-8B68-123E57ED8FC4}.Release|Any CPU.Deploy.0 = Release|Any CPU
	EndGlobalSection
	GlobalSection(SolutionProperties) = preSolution
		HideSolutionNode = FALSE
	EndGlobalSection
	GlobalSection(ExtensibilityGlobals) = postSolution
		SolutionGuid = {EF8D8A90-2FB9-4539-A5B2-AB360535B192}
	EndGlobalSection
EndGlobal
