
Microsoft Visual Studio Solution File, Format Version 12.00
# Visual Studio Version 17
VisualStudioVersion = 17.10.35027.167
MinimumVisualStudioVersion = 10.0.40219.1
Project("{FAE04EC0-301F-11D3-BF4B-00C04F79EFBC}") = "Lodgestone.Server", "Lodgestone.Server\Lodgestone.Server.csproj", "{CA2956DB-2B26-4C3A-AEE4-5530BBF65291}"
EndProject
Project("{54A90642-561A-4BB1-A94E-469ADEE60C69}") = "lodgestone.client", "lodgestone.client\lodgestone.client.esproj", "{7D95AC5D-2063-4FA1-8F40-D17492D88294}"
EndProject
Global
	GlobalSection(SolutionConfigurationPlatforms) = preSolution
		Debug|Any CPU = Debug|Any CPU
		Release|Any CPU = Release|Any CPU
	EndGlobalSection
	GlobalSection(ProjectConfigurationPlatforms) = postSolution
		{CA2956DB-2B26-4C3A-AEE4-5530BBF65291}.Debug|Any CPU.ActiveCfg = Debug|Any CPU
		{CA2956DB-2B26-4C3A-AEE4-5530BBF65291}.Debug|Any CPU.Build.0 = Debug|Any CPU
		{CA2956DB-2B26-4C3A-AEE4-5530BBF65291}.Release|Any CPU.ActiveCfg = Release|Any CPU
		{CA2956DB-2B26-4C3A-AEE4-5530BBF65291}.Release|Any CPU.Build.0 = Release|Any CPU
		{7D95AC5D-2063-4FA1-8F40-D17492D88294}.Debug|Any CPU.ActiveCfg = Debug|Any CPU
		{7D95AC5D-2063-4FA1-8F40-D17492D88294}.Debug|Any CPU.Build.0 = Debug|Any CPU
		{7D95AC5D-2063-4FA1-8F40-D17492D88294}.Debug|Any CPU.Deploy.0 = Debug|Any CPU
		{7D95AC5D-2063-4FA1-8F40-D17492D88294}.Release|Any CPU.ActiveCfg = Release|Any CPU
		{7D95AC5D-2063-4FA1-8F40-D17492D88294}.Release|Any CPU.Build.0 = Release|Any CPU
		{7D95AC5D-2063-4FA1-8F40-D17492D88294}.Release|Any CPU.Deploy.0 = Release|Any CPU
	EndGlobalSection
	GlobalSection(SolutionProperties) = preSolution
		HideSolutionNode = FALSE
	EndGlobalSection
	GlobalSection(ExtensibilityGlobals) = postSolution
		SolutionGuid = {A40EF657-CBF1-48CC-A077-BF21FACC4FE2}
	EndGlobalSection
EndGlobal
